// !$*UTF8*$!
{
	archiveVersion = 1;
	classes = {
	};
	objectVersion = 46;
	objects = {

/* Begin PBXBuildFile section */
		52BF90A91E27202B00A7759E /* AppDelegate.swift in Sources */ = {isa = PBXBuildFile; fileRef = 52BF90A81E27202B00A7759E /* AppDelegate.swift */; };
		52BF90AB1E27202B00A7759E /* ViewController.swift in Sources */ = {isa = PBXBuildFile; fileRef = 52BF90AA1E27202B00A7759E /* ViewController.swift */; };
		52BF90AE1E27202B00A7759E /* Main.storyboard in Resources */ = {isa = PBXBuildFile; fileRef = 52BF90AC1E27202B00A7759E /* Main.storyboard */; };
		52BF90B01E27202B00A7759E /* Assets.xcassets in Resources */ = {isa = PBXBuildFile; fileRef = 52BF90AF1E27202B00A7759E /* Assets.xcassets */; };
		52BF90B31E27202B00A7759E /* LaunchScreen.storyboard in Resources */ = {isa = PBXBuildFile; fileRef = 52BF90B11E27202B00A7759E /* LaunchScreen.storyboard */; };
/* End PBXBuildFile section */

/* Begin PBXFileReference section */
		52BF90A51E27202B00A7759E /* regexSearching.app */ = {isa = PBXFileReference; explicitFileType = wrapper.application; includeInIndex = 0; path = regexSearching.app; sourceTree = BUILT_PRODUCTS_DIR; };
		52BF90A81E27202B00A7759E /* AppDelegate.swift */ = {isa = PBXFileReference; lastKnownFileType = sourcecode.swift; path = AppDelegate.swift; sourceTree = "<group>"; };
		52BF90AA1E27202B00A7759E /* ViewController.swift */ = {isa = PBXFileReference; lastKnownFileType = sourcecode.swift; path = ViewController.swift; sourceTree = "<group>"; };
		52BF90AD1E27202B00A7759E /* Base */ = {isa = PBXFileReference; lastKnownFileType = file.storyboard; name = Base; path = Base.lproj/Main.storyboard; sourceTree = "<group>"; };
		52BF90AF1E27202B00A7759E /* Assets.xcassets */ = {isa = PBXFileReference; lastKnownFileType = folder.assetcatalog; path = Assets.xcassets; sourceTree = "<group>"; };
		52BF90B21E27202B00A7759E /* Base */ = {isa = PBXFileReference; lastKnownFileType = file.storyboard; name = Base; path = Base.lproj/LaunchScreen.storyboard; sourceTree = "<group>"; };
		52BF90B41E27202B00A7759E /* Info.plist */ = {isa = PBXFileReference; lastKnownFileType = text.plist.xml; path = Info.plist; sourceTree = "<group>"; };
/* End PBXFileReference section */

/* Begin PBXFrameworksBuildPhase section */
		52BF90A21E27202B00A7759E /* Frameworks */ = {
			isa = PBXFrameworksBuildPhase;
			buildActionMask = 2147483647;
			files = (
			);
			runOnlyForDeploymentPostprocessing = 0;
		};
/* End PBXFrameworksBuildPhase section */

/* Begin PBXGroup section */
		52BF909C1E27202A00A7759E = {
			isa = PBXGroup;
			children = (
				52BF90A71E27202B00A7759E /* regexSearching */,
				52BF90A61E27202B00A7759E /* Products */,
			);
			sourceTree = "<group>";
		};
		52BF90A61E27202B00A7759E /* Products */ = {
			isa = PBXGroup;
			children = (
				52BF90A51E27202B00A7759E /* regexSearching.app */,
			);
			name = Products;
			sourceTree = "<group>";
		};
		52BF90A71E27202B00A7759E /* regexSearching */ = {
			isa = PBXGroup;
			children = (
				52BF90A81E27202B00A7759E /* AppDelegate.swift */,
				52BF90AA1E27202B00A7759E /* ViewController.swift */,
				52BF90AC1E27202B00A7759E /* Main.storyboard */,
				52BF90AF1E27202B00A7759E /* Assets.xcassets */,
				52BF90B11E27202B00A7759E /* LaunchScreen.storyboard */,
				52BF90B41E27202B00A7759E /* Info.plist */,
			);
			path = regexSearching;
			sourceTree = "<group>";
		};
/* End PBXGroup section */

/* Begin PBXNativeTarget section */
		52BF90A41E27202B00A7759E /* regexSearching */ = {
			isa = PBXNativeTarget;
			buildConfigurationList = 52BF90B71E27202B00A7759E /* Build configuration list for PBXNativeTarget "regexSearching" */;
			buildPhases = (
				52BF90A11E27202B00A7759E /* Sources */,
				52BF90A21E27202B00A7759E /* Frameworks */,
				52BF90A31E27202B00A7759E /* Resources */,
			);
			buildRules = (
			);
			dependencies = (
			);
			name = regexSearching;
			productName = regexSearching;
			productReference = 52BF90A51E27202B00A7759E /* regexSearching.app */;
			productType = "com.apple.product-type.application";
		};
/* End PBXNativeTarget section */

/* Begin PBXProject section */
		52BF909D1E27202A00A7759E /* Project object */ = {
			isa = PBXProject;
			attributes = {
				LastSwiftUpdateCheck = 0820;
				LastUpgradeCheck = 0820;
				ORGANIZATIONNAME = Apple;
				TargetAttributes = {
					52BF90A41E27202B00A7759E = {
						CreatedOnToolsVersion = 8.2.1;
						DevelopmentTeam = QN3M8J4AVX;
						ProvisioningStyle = Automatic;
					};
				};
			};
			buildConfigurationList = 52BF90A01E27202B00A7759E /* Build configuration list for PBXProject "regexSearching" */;
			compatibilityVersion = "Xcode 3.2";
			developmentRegion = English;
			hasScannedForEncodings = 0;
			knownRegions = (
				en,
				Base,
			);
			mainGroup = 52BF909C1E27202A00A7759E;
			productRefGroup = 52BF90A61E27202B00A7759E /* Products */;
			projectDirPath = "";
			projectRoot = "";
			targets = (
				52BF90A41E27202B00A7759E /* regexSearching */,
			);
		};
/* End PBXProject section */

/* Begin PBXResourcesBuildPhase section */
		52BF90A31E27202B00A7759E /* Resources */ = {
			isa = PBXResourcesBuildPhase;
			buildActionMask = 2147483647;
			files = (
				52BF90B31E27202B00A7759E /* LaunchScreen.storyboard in Resources */,
				52BF90B01E27202B00A7759E /* Assets.xcassets in Resources */,
				52BF90AE1E27202B00A7759E /* Main.storyboard in Resources */,
			);
			runOnlyForDeploymentPostprocessing = 0;
		};
/* End PBXResourcesBuildPhase section */

/* Begin PBXSourcesBuildPhase section */
		52BF90A11E27202B00A7759E /* Sources */ = {
			isa = PBXSourcesBuildPhase;
			buildActionMask = 2147483647;
			files = (
				52BF90AB1E27202B00A7759E /* ViewController.swift in Sources */,
				52BF90A91E27202B00A7759E /* AppDelegate.swift in Sources */,
			);
			runOnlyForDeploymentPostprocessing = 0;
		};
/* End PBXSourcesBuildPhase section */

/* Begin PBXVariantGroup section */
		52BF90AC1E27202B00A7759E /* Main.storyboard */ = {
			isa = PBXVariantGroup;
			children = (
				52BF90AD1E27202B00A7759E /* Base */,
			);
			name = Main.storyboard;
			sourceTree = "<group>";
		};
		52BF90B11E27202B00A7759E /* LaunchScreen.storyboard */ = {
			isa = PBXVariantGroup;
			children = (
				52BF90B21E27202B00A7759E /* Base */,
			);
			name = LaunchScreen.storyboard;
			sourceTree = "<group>";
		};
/* End PBXVariantGroup section */

/* Begin XCBuildConfiguration section */
		52BF90B51E27202B00A7759E /* Debug */ = {
			isa = XCBuildConfiguration;
			buildSettings = {
				ALWAYS_SEARCH_USER_PATHS = NO;
				CLANG_ANALYZER_NONNULL = YES;
				CLANG_CXX_LANGUAGE_STANDARD = "gnu++0x";
				CLANG_CXX_LIBRARY = "libc++";
				CLANG_ENABLE_MODULES = YES;
				CLANG_ENABLE_OBJC_ARC = YES;
				CLANG_WARN_BOOL_CONVERSION = YES;
				CLANG_WARN_CONSTANT_CONVERSION = YES;
				CLANG_WARN_DIRECT_OBJC_ISA_USAGE = YES_ERROR;
				CLANG_WARN_DOCUMENTATION_COMMENTS = YES;
				CLANG_WARN_EMPTY_BODY = YES;
				CLANG_WARN_ENUM_CONVERSION = YES;
				CLANG_WARN_INFINITE_RECURSION = YES;
				CLANG_WARN_INT_CONVERSION = YES;
				CLANG_WARN_OBJC_ROOT_CLASS = YES_ERROR;
				CLANG_WARN_SUSPICIOUS_MOVE = YES;
				CLANG_WARN_UNREACHABLE_CODE = YES;
				CLANG_WARN__DUPLICATE_METHOD_MATCH = YES;
				"CODE_SIGN_IDENTITY[sdk=iphoneos*]" = "iPhone Developer";
				COPY_PHASE_STRIP = NO;
				DEBUG_INFORMATION_FORMAT = dwarf;
				ENABLE_STRICT_OBJC_MSGSEND = YES;
				ENABLE_TESTABILITY = YES;
				GCC_C_LANGUAGE_STANDARD = gnu99;
				GCC_DYNAMIC_NO_PIC = NO;
				GCC_NO_COMMON_BLOCKS = YES;
				GCC_OPTIMIZATION_LEVEL = 0;
				GCC_PREPROCESSOR_DEFINITIONS = (
					"DEBUG=1",
					"$(inherited)",
				);
				GCC_WARN_64_TO_32_BIT_CONVERSION = YES;
				GCC_WARN_ABOUT_RETURN_TYPE = YES_ERROR;
				GCC_WARN_UNDECLARED_SELECTOR = YES;
				GCC_WARN_UNINITIALIZED_AUTOS = YES_AGGRESSIVE;
				GCC_WARN_UNUSED_FUNCTION = YES;
				GCC_WARN_UNUSED_VARIABLE = YES;
				IPHONEOS_DEPLOYMENT_TARGET = 10.2;
				MTL_ENABLE_DEBUG_INFO = YES;
				ONLY_ACTIVE_ARCH = YES;
				SDKROOT = iphoneos;
				SWIFT_ACTIVE_COMPILATION_CONDITIONS = DEBUG;
				SWIFT_OPTIMIZATION_LEVEL = "-Onone";
				TARGETED_DEVICE_FAMILY = "1,2";
			};
			name = Debug;
		};
		52BF90B61E27202B00A7759E /* Release */ = {
			isa = XCBuildConfiguration;
			buildSettings = {
				ALWAYS_SEARCH_USER_PATHS = NO;
				CLANG_ANALYZER_NONNULL = YES;
				CLANG_CXX_LANGUAGE_STANDARD = "gnu++0x";
				CLANG_CXX_LIBRARY = "libc++";
				CLANG_ENABLE_MODULES = YES;
				CLANG_ENABLE_OBJC_ARC = YES;
				CLANG_WARN_BOOL_CONVERSION = YES;
				CLANG_WARN_CONSTANT_CONVERSION = YES;
				CLANG_WARN_DIRECT_OBJC_ISA_USAGE = YES_ERROR;
				CLANG_WARN_DOCUMENTATION_COMMENTS = YES;
				CLANG_WARN_EMPTY_BODY = YES;
				CLANG_WARN_ENUM_CONVERSION = YES;
				CLANG_WARN_INFINITE_RECURSION = YES;
				CLANG_WARN_INT_CONVERSION = YES;
				CLANG_WARN_OBJC_ROOT_CLASS = YES_ERROR;
				CLANG_WARN_SUSPICIOUS_MOVE = YES;
				CLANG_WARN_UNREACHABLE_CODE = YES;
				CLANG_WARN__DUPLICATE_METHOD_MATCH = YES;
				"CODE_SIGN_IDENTITY[sdk=iphoneos*]" = "iPhone Developer";
				COPY_PHASE_STRIP = NO;
				DEBUG_INFORMATION_FORMAT = "dwarf-with-dsym";
				ENABLE_NS_ASSERTIONS = NO;
				ENABLE_STRICT_OBJC_MSGSEND = YES;
				GCC_C_LANGUAGE_STANDARD = gnu99;
				GCC_NO_COMMON_BLOCKS = YES;
				GCC_WARN_64_TO_32_BIT_CONVERSION = YES;
				GCC_WARN_ABOUT_RETURN_TYPE = YES_ERROR;
				GCC_WARN_UNDECLARED_SELECTOR = YES;
				GCC_WARN_UNINITIALIZED_AUTOS = YES_AGGRESSIVE;
				GCC_WARN_UNUSED_FUNCTION = YES;
				GCC_WARN_UNUSED_VARIABLE = YES;
				IPHONEOS_DEPLOYMENT_TARGET = 10.2;
				MTL_ENABLE_DEBUG_INFO = NO;
				SDKROOT = iphoneos;
				SWIFT_OPTIMIZATION_LEVEL = "-Owholemodule";
				TARGETED_DEVICE_FAMILY = "1,2";
				VALIDATE_PRODUCT = YES;
			};
			name = Release;
		};
		52BF90B81E27202B00A7759E /* Debug */ = {
			isa = XCBuildConfiguration;
			buildSettings = {
				ASSETCATALOG_COMPILER_APPICON_NAME = AppIcon;
				DEVELOPMENT_TEAM = QN3M8J4AVX;
				INFOPLIST_FILE = regexSearching/Info.plist;
				LD_RUNPATH_SEARCH_PATHS = "$(inherited) @executable_path/Frameworks";
				PRODUCT_BUNDLE_IDENTIFIER = MyOS.regexSearching;
				PRODUCT_NAME = "$(TARGET_NAME)";
				SWIFT_VERSION = 3.0;
			};
			name = Debug;
		};
		52BF90B91E27202B00A7759E /* Release */ = {
			isa = XCBuildConfiguration;
			buildSettings = {
				ASSETCATALOG_COMPILER_APPICON_NAME = AppIcon;
				DEVELOPMENT_TEAM = QN3M8J4AVX;
				INFOPLIST_FILE = regexSearching/Info.plist;
				LD_RUNPATH_SEARCH_PATHS = "$(inherited) @executable_path/Frameworks";
				PRODUCT_BUNDLE_IDENTIFIER = MyOS.regexSearching;
				PRODUCT_NAME = "$(TARGET_NAME)";
				SWIFT_VERSION = 3.0;
			};
			name = Release;
		};
/* End XCBuildConfiguration section */

/* Begin XCConfigurationList section */
		52BF90A01E27202B00A7759E /* Build configuration list for PBXProject "regexSearching" */ = {
			isa = XCConfigurationList;
			buildConfigurations = (
				52BF90B51E27202B00A7759E /* Debug */,
				52BF90B61E27202B00A7759E /* Release */,
			);
			defaultConfigurationIsVisible = 0;
			defaultConfigurationName = Release;
		};
		52BF90B71E27202B00A7759E /* Build configuration list for PBXNativeTarget "regexSearching" */ = {
			isa = XCConfigurationList;
			buildConfigurations = (
				52BF90B81E27202B00A7759E /* Debug */,
				52BF90B91E27202B00A7759E /* Release */,
			);
			defaultConfigurationIsVisible = 0;
		};
/* End XCConfigurationList section */
	};
	rootObject = 52BF909D1E27202A00A7759E /* Project object */;
}
