// !$*UTF8*$!
{
	archiveVersion = 1;
	classes = {
	};
	objectVersion = 46;
	objects = {

/* Begin PBXBuildFile section */
		52FE27491DC8C2550076E6A0 /* AppDelegate.swift in Sources */ = {isa = PBXBuildFile; fileRef = 52FE27481DC8C2550076E6A0 /* AppDelegate.swift */; };
		52FE274B1DC8C2550076E6A0 /* ViewController.swift in Sources */ = {isa = PBXBuildFile; fileRef = 52FE274A1DC8C2550076E6A0 /* ViewController.swift */; };
		52FE274E1DC8C2550076E6A0 /* Main.storyboard in Resources */ = {isa = PBXBuildFile; fileRef = 52FE274C1DC8C2550076E6A0 /* Main.storyboard */; };
		52FE27501DC8C2550076E6A0 /* Assets.xcassets in Resources */ = {isa = PBXBuildFile; fileRef = 52FE274F1DC8C2550076E6A0 /* Assets.xcassets */; };
		52FE27531DC8C2550076E6A0 /* LaunchScreen.storyboard in Resources */ = {isa = PBXBuildFile; fileRef = 52FE27511DC8C2550076E6A0 /* LaunchScreen.storyboard */; };
		52FE275B1DC977AA0076E6A0 /* VCSucceededLogin.swift in Sources */ = {isa = PBXBuildFile; fileRef = 52FE275A1DC977AA0076E6A0 /* VCSucceededLogin.swift */; };
		52FE275D1DC977BF0076E6A0 /* VCFailedLogin.swift in Sources */ = {isa = PBXBuildFile; fileRef = 52FE275C1DC977BF0076E6A0 /* VCFailedLogin.swift */; };
		52FE275F1DC97A560076E6A0 /* VCLogin.swift in Sources */ = {isa = PBXBuildFile; fileRef = 52FE275E1DC97A560076E6A0 /* VCLogin.swift */; };
/* End PBXBuildFile section */

/* Begin PBXFileReference section */
		52FE27451DC8C2550076E6A0 /* MyLoginApp.app */ = {isa = PBXFileReference; explicitFileType = wrapper.application; includeInIndex = 0; path = MyLoginApp.app; sourceTree = BUILT_PRODUCTS_DIR; };
		52FE27481DC8C2550076E6A0 /* AppDelegate.swift */ = {isa = PBXFileReference; lastKnownFileType = sourcecode.swift; path = AppDelegate.swift; sourceTree = "<group>"; };
		52FE274A1DC8C2550076E6A0 /* ViewController.swift */ = {isa = PBXFileReference; lastKnownFileType = sourcecode.swift; path = ViewController.swift; sourceTree = "<group>"; };
		52FE274D1DC8C2550076E6A0 /* Base */ = {isa = PBXFileReference; lastKnownFileType = file.storyboard; name = Base; path = Base.lproj/Main.storyboard; sourceTree = "<group>"; };
		52FE274F1DC8C2550076E6A0 /* Assets.xcassets */ = {isa = PBXFileReference; lastKnownFileType = folder.assetcatalog; path = Assets.xcassets; sourceTree = "<group>"; };
		52FE27521DC8C2550076E6A0 /* Base */ = {isa = PBXFileReference; lastKnownFileType = file.storyboard; name = Base; path = Base.lproj/LaunchScreen.storyboard; sourceTree = "<group>"; };
		52FE27541DC8C2550076E6A0 /* Info.plist */ = {isa = PBXFileReference; lastKnownFileType = text.plist.xml; path = Info.plist; sourceTree = "<group>"; };
		52FE275A1DC977AA0076E6A0 /* VCSucceededLogin.swift */ = {isa = PBXFileReference; fileEncoding = 4; lastKnownFileType = sourcecode.swift; path = VCSucceededLogin.swift; sourceTree = "<group>"; };
		52FE275C1DC977BF0076E6A0 /* VCFailedLogin.swift */ = {isa = PBXFileReference; fileEncoding = 4; lastKnownFileType = sourcecode.swift; path = VCFailedLogin.swift; sourceTree = "<group>"; };
		52FE275E1DC97A560076E6A0 /* VCLogin.swift */ = {isa = PBXFileReference; fileEncoding = 4; lastKnownFileType = sourcecode.swift; path = VCLogin.swift; sourceTree = "<group>"; };
/* End PBXFileReference section */

/* Begin PBXFrameworksBuildPhase section */
		52FE27421DC8C2550076E6A0 /* Frameworks */ = {
			isa = PBXFrameworksBuildPhase;
			buildActionMask = 2147483647;
			files = (
			);
			runOnlyForDeploymentPostprocessing = 0;
		};
/* End PBXFrameworksBuildPhase section */

/* Begin PBXGroup section */
		52FE273C1DC8C2550076E6A0 = {
			isa = PBXGroup;
			children = (
				52FE27471DC8C2550076E6A0 /* MyLoginApp */,
				52FE27461DC8C2550076E6A0 /* Products */,
			);
			sourceTree = "<group>";
		};
		52FE27461DC8C2550076E6A0 /* Products */ = {
			isa = PBXGroup;
			children = (
				52FE27451DC8C2550076E6A0 /* MyLoginApp.app */,
			);
			name = Products;
			sourceTree = "<group>";
		};
		52FE27471DC8C2550076E6A0 /* MyLoginApp */ = {
			isa = PBXGroup;
			children = (
				52FE27481DC8C2550076E6A0 /* AppDelegate.swift */,
				52FE274A1DC8C2550076E6A0 /* ViewController.swift */,
				52FE274C1DC8C2550076E6A0 /* Main.storyboard */,
				52FE274F1DC8C2550076E6A0 /* Assets.xcassets */,
				52FE27511DC8C2550076E6A0 /* LaunchScreen.storyboard */,
				52FE27541DC8C2550076E6A0 /* Info.plist */,
				52FE275A1DC977AA0076E6A0 /* VCSucceededLogin.swift */,
				52FE275C1DC977BF0076E6A0 /* VCFailedLogin.swift */,
				52FE275E1DC97A560076E6A0 /* VCLogin.swift */,
			);
			path = MyLoginApp;
			sourceTree = "<group>";
		};
/* End PBXGroup section */

/* Begin PBXNativeTarget section */
		52FE27441DC8C2550076E6A0 /* MyLoginApp */ = {
			isa = PBXNativeTarget;
			buildConfigurationList = 52FE27571DC8C2550076E6A0 /* Build configuration list for PBXNativeTarget "MyLoginApp" */;
			buildPhases = (
				52FE27411DC8C2550076E6A0 /* Sources */,
				52FE27421DC8C2550076E6A0 /* Frameworks */,
				52FE27431DC8C2550076E6A0 /* Resources */,
			);
			buildRules = (
			);
			dependencies = (
			);
			name = MyLoginApp;
			productName = MyLoginApp;
			productReference = 52FE27451DC8C2550076E6A0 /* MyLoginApp.app */;
			productType = "com.apple.product-type.application";
		};
/* End PBXNativeTarget section */

/* Begin PBXProject section */
		52FE273D1DC8C2550076E6A0 /* Project object */ = {
			isa = PBXProject;
			attributes = {
				LastSwiftUpdateCheck = 0810;
				LastUpgradeCheck = 0810;
				ORGANIZATIONNAME = Apple;
				TargetAttributes = {
					52FE27441DC8C2550076E6A0 = {
						CreatedOnToolsVersion = 8.1;
						ProvisioningStyle = Automatic;
					};
				};
			};
			buildConfigurationList = 52FE27401DC8C2550076E6A0 /* Build configuration list for PBXProject "MyLoginApp" */;
			compatibilityVersion = "Xcode 3.2";
			developmentRegion = English;
			hasScannedForEncodings = 0;
			knownRegions = (
				en,
				Base,
			);
			mainGroup = 52FE273C1DC8C2550076E6A0;
			productRefGroup = 52FE27461DC8C2550076E6A0 /* Products */;
			projectDirPath = "";
			projectRoot = "";
			targets = (
				52FE27441DC8C2550076E6A0 /* MyLoginApp */,
			);
		};
/* End PBXProject section */

/* Begin PBXResourcesBuildPhase section */
		52FE27431DC8C2550076E6A0 /* Resources */ = {
			isa = PBXResourcesBuildPhase;
			buildActionMask = 2147483647;
			files = (
				52FE27531DC8C2550076E6A0 /* LaunchScreen.storyboard in Resources */,
				52FE27501DC8C2550076E6A0 /* Assets.xcassets in Resources */,
				52FE274E1DC8C2550076E6A0 /* Main.storyboard in Resources */,
			);
			runOnlyForDeploymentPostprocessing = 0;
		};
/* End PBXResourcesBuildPhase section */

/* Begin PBXSourcesBuildPhase section */
		52FE27411DC8C2550076E6A0 /* Sources */ = {
			isa = PBXSourcesBuildPhase;
			buildActionMask = 2147483647;
			files = (
				52FE275B1DC977AA0076E6A0 /* VCSucceededLogin.swift in Sources */,
				52FE275D1DC977BF0076E6A0 /* VCFailedLogin.swift in Sources */,
				52FE275F1DC97A560076E6A0 /* VCLogin.swift in Sources */,
				52FE274B1DC8C2550076E6A0 /* ViewController.swift in Sources */,
				52FE27491DC8C2550076E6A0 /* AppDelegate.swift in Sources */,
			);
			runOnlyForDeploymentPostprocessing = 0;
		};
/* End PBXSourcesBuildPhase section */

/* Begin PBXVariantGroup section */
		52FE274C1DC8C2550076E6A0 /* Main.storyboard */ = {
			isa = PBXVariantGroup;
			children = (
				52FE274D1DC8C2550076E6A0 /* Base */,
			);
			name = Main.storyboard;
			sourceTree = "<group>";
		};
		52FE27511DC8C2550076E6A0 /* LaunchScreen.storyboard */ = {
			isa = PBXVariantGroup;
			children = (
				52FE27521DC8C2550076E6A0 /* Base */,
			);
			name = LaunchScreen.storyboard;
			sourceTree = "<group>";
		};
/* End PBXVariantGroup section */

/* Begin XCBuildConfiguration section */
		52FE27551DC8C2550076E6A0 /* Debug */ = {
			isa = XCBuildConfiguration;
			buildSettings = {
				ALWAYS_SEARCH_USER_PATHS = NO;
				CLANG_ANALYZER_NONNULL = YES;
				CLANG_CXX_LANGUAGE_STANDARD = "gnu++0x";
				CLANG_CXX_LIBRARY = "libc++";
				CLANG_ENABLE_MODULES = YES;
				CLANG_ENABLE_OBJC_ARC = YES;
				CLANG_WARN_BOOL_CONVERSION = YES;
				CLANG_WARN_CONSTANT_CONVERSION = YES;
				CLANG_WARN_DIRECT_OBJC_ISA_USAGE = YES_ERROR;
				CLANG_WARN_DOCUMENTATION_COMMENTS = YES;
				CLANG_WARN_EMPTY_BODY = YES;
				CLANG_WARN_ENUM_CONVERSION = YES;
				CLANG_WARN_INFINITE_RECURSION = YES;
				CLANG_WARN_INT_CONVERSION = YES;
				CLANG_WARN_OBJC_ROOT_CLASS = YES_ERROR;
				CLANG_WARN_SUSPICIOUS_MOVES = YES;
				CLANG_WARN_UNREACHABLE_CODE = YES;
				CLANG_WARN__DUPLICATE_METHOD_MATCH = YES;
				"CODE_SIGN_IDENTITY[sdk=iphoneos*]" = "iPhone Developer";
				COPY_PHASE_STRIP = NO;
				DEBUG_INFORMATION_FORMAT = dwarf;
				ENABLE_STRICT_OBJC_MSGSEND = YES;
				ENABLE_TESTABILITY = YES;
				GCC_C_LANGUAGE_STANDARD = gnu99;
				GCC_DYNAMIC_NO_PIC = NO;
				GCC_NO_COMMON_BLOCKS = YES;
				GCC_OPTIMIZATION_LEVEL = 0;
				GCC_PREPROCESSOR_DEFINITIONS = (
					"DEBUG=1",
					"$(inherited)",
				);
				GCC_WARN_64_TO_32_BIT_CONVERSION = YES;
				GCC_WARN_ABOUT_RETURN_TYPE = YES_ERROR;
				GCC_WARN_UNDECLARED_SELECTOR = YES;
				GCC_WARN_UNINITIALIZED_AUTOS = YES_AGGRESSIVE;
				GCC_WARN_UNUSED_FUNCTION = YES;
				GCC_WARN_UNUSED_VARIABLE = YES;
				IPHONEOS_DEPLOYMENT_TARGET = 10.1;
				MTL_ENABLE_DEBUG_INFO = YES;
				ONLY_ACTIVE_ARCH = YES;
				SDKROOT = iphoneos;
				SWIFT_ACTIVE_COMPILATION_CONDITIONS = DEBUG;
				SWIFT_OPTIMIZATION_LEVEL = "-Onone";
				TARGETED_DEVICE_FAMILY = "1,2";
			};
			name = Debug;
		};
		52FE27561DC8C2550076E6A0 /* Release */ = {
			isa = XCBuildConfiguration;
			buildSettings = {
				ALWAYS_SEARCH_USER_PATHS = NO;
				CLANG_ANALYZER_NONNULL = YES;
				CLANG_CXX_LANGUAGE_STANDARD = "gnu++0x";
				CLANG_CXX_LIBRARY = "libc++";
				CLANG_ENABLE_MODULES = YES;
				CLANG_ENABLE_OBJC_ARC = YES;
				CLANG_WARN_BOOL_CONVERSION = YES;
				CLANG_WARN_CONSTANT_CONVERSION = YES;
				CLANG_WARN_DIRECT_OBJC_ISA_USAGE = YES_ERROR;
				CLANG_WARN_DOCUMENTATION_COMMENTS = YES;
				CLANG_WARN_EMPTY_BODY = YES;
				CLANG_WARN_ENUM_CONVERSION = YES;
				CLANG_WARN_INFINITE_RECURSION = YES;
				CLANG_WARN_INT_CONVERSION = YES;
				CLANG_WARN_OBJC_ROOT_CLASS = YES_ERROR;
				CLANG_WARN_SUSPICIOUS_MOVES = YES;
				CLANG_WARN_UNREACHABLE_CODE = YES;
				CLANG_WARN__DUPLICATE_METHOD_MATCH = YES;
				"CODE_SIGN_IDENTITY[sdk=iphoneos*]" = "iPhone Developer";
				COPY_PHASE_STRIP = NO;
				DEBUG_INFORMATION_FORMAT = "dwarf-with-dsym";
				ENABLE_NS_ASSERTIONS = NO;
				ENABLE_STRICT_OBJC_MSGSEND = YES;
				GCC_C_LANGUAGE_STANDARD = gnu99;
				GCC_NO_COMMON_BLOCKS = YES;
				GCC_WARN_64_TO_32_BIT_CONVERSION = YES;
				GCC_WARN_ABOUT_RETURN_TYPE = YES_ERROR;
				GCC_WARN_UNDECLARED_SELECTOR = YES;
				GCC_WARN_UNINITIALIZED_AUTOS = YES_AGGRESSIVE;
				GCC_WARN_UNUSED_FUNCTION = YES;
				GCC_WARN_UNUSED_VARIABLE = YES;
				IPHONEOS_DEPLOYMENT_TARGET = 10.1;
				MTL_ENABLE_DEBUG_INFO = NO;
				SDKROOT = iphoneos;
				SWIFT_OPTIMIZATION_LEVEL = "-Owholemodule";
				TARGETED_DEVICE_FAMILY = "1,2";
				VALIDATE_PRODUCT = YES;
			};
			name = Release;
		};
		52FE27581DC8C2550076E6A0 /* Debug */ = {
			isa = XCBuildConfiguration;
			buildSettings = {
				ASSETCATALOG_COMPILER_APPICON_NAME = AppIcon;
				INFOPLIST_FILE = MyLoginApp/Info.plist;
				LD_RUNPATH_SEARCH_PATHS = "$(inherited) @executable_path/Frameworks";
				PRODUCT_BUNDLE_IDENTIFIER = MyOS.MyLoginApp;
				PRODUCT_NAME = "$(TARGET_NAME)";
				SWIFT_VERSION = 3.0;
			};
			name = Debug;
		};
		52FE27591DC8C2550076E6A0 /* Release */ = {
			isa = XCBuildConfiguration;
			buildSettings = {
				ASSETCATALOG_COMPILER_APPICON_NAME = AppIcon;
				INFOPLIST_FILE = MyLoginApp/Info.plist;
				LD_RUNPATH_SEARCH_PATHS = "$(inherited) @executable_path/Frameworks";
				PRODUCT_BUNDLE_IDENTIFIER = MyOS.MyLoginApp;
				PRODUCT_NAME = "$(TARGET_NAME)";
				SWIFT_VERSION = 3.0;
			};
			name = Release;
		};
/* End XCBuildConfiguration section */

/* Begin XCConfigurationList section */
		52FE27401DC8C2550076E6A0 /* Build configuration list for PBXProject "MyLoginApp" */ = {
			isa = XCConfigurationList;
			buildConfigurations = (
				52FE27551DC8C2550076E6A0 /* Debug */,
				52FE27561DC8C2550076E6A0 /* Release */,
			);
			defaultConfigurationIsVisible = 0;
			defaultConfigurationName = Release;
		};
		52FE27571DC8C2550076E6A0 /* Build configuration list for PBXNativeTarget "MyLoginApp" */ = {
			isa = XCConfigurationList;
			buildConfigurations = (
				52FE27581DC8C2550076E6A0 /* Debug */,
				52FE27591DC8C2550076E6A0 /* Release */,
			);
			defaultConfigurationIsVisible = 0;
		};
/* End XCConfigurationList section */
	};
	rootObject = 52FE273D1DC8C2550076E6A0 /* Project object */;
}
